
Microsoft Visual Studio Solution File, Format Version 12.00
# Visual Studio Version 17
VisualStudioVersion = 17.0.32112.339
MinimumVisualStudioVersion = 10.0.40219.1
Project("{9A19103F-16F7-4668-BE54-9A1E7A4F7556}") = "HappyStudio.Mvvm.Input.Wpf", "HappyStudio.Mvvm.Input.Wpf\HappyStudio.Mvvm.Input.Wpf.csproj", "{4E509A49-8351-496D-AFA2-C27788F9971C}"
EndProject
Project("{FAE04EC0-301F-11D3-BF4B-00C04F79EFBC}") = "HappyStudio.Mvvm.Demo", "HappyStudio.Mvvm.Demo\HappyStudio.Mvvm.Demo.csproj", "{2260F4F5-1CE1-4541-997C-47E6C4B4F21B}"
EndProject
Global
	GlobalSection(SolutionConfigurationPlatforms) = preSolution
		Debug|Any CPU = Debug|Any CPU
		Release|Any CPU = Release|Any CPU
	EndGlobalSection
	GlobalSection(ProjectConfigurationPlatforms) = postSolution
		{4E509A49-8351-496D-AFA2-C27788F9971C}.Debug|Any CPU.ActiveCfg = Debug|Any CPU
		{4E509A49-8351-496D-AFA2-C27788F9971C}.Debug|Any CPU.Build.0 = Debug|Any CPU
		{4E509A49-8351-496D-AFA2-C27788F9971C}.Release|Any CPU.ActiveCfg = Release|Any CPU
		{4E509A49-8351-496D-AFA2-C27788F9971C}.Release|Any CPU.Build.0 = Release|Any CPU
		{2260F4F5-1CE1-4541-997C-47E6C4B4F21B}.Debug|Any CPU.ActiveCfg = Debug|Any CPU
		{2260F4F5-1CE1-4541-997C-47E6C4B4F21B}.Debug|Any CPU.Build.0 = Debug|Any CPU
		{2260F4F5-1CE1-4541-997C-47E6C4B4F21B}.Release|Any CPU.ActiveCfg = Release|Any CPU
		{2260F4F5-1CE1-4541-997C-47E6C4B4F21B}.Release|Any CPU.Build.0 = Release|Any CPU
	EndGlobalSection
	GlobalSection(SolutionProperties) = preSolution
		HideSolutionNode = FALSE
	EndGlobalSection
	GlobalSection(ExtensibilityGlobals) = postSolution
		SolutionGuid = {F773B306-1F45-4E21-90CF-0AB9EA74FAC8}
	EndGlobalSection
EndGlobal
